
Microsoft Visual Studio Solution File, Format Version 12.00
# Visual Studio Version 16
VisualStudioVersion = 16.0.31702.278
MinimumVisualStudioVersion = 10.0.40219.1
Project("{9A19103F-16F7-4668-BE54-9A1E7A4F7556}") = "akg.web.api", "akg.web.api\akg.web.api.csproj", "{6476FF0C-F382-4DA0-ACB9-11C6746F4223}"
EndProject
Global
	GlobalSection(SolutionConfigurationPlatforms) = preSolution
		Debug|Any CPU = Debug|Any CPU
		Release|Any CPU = Release|Any CPU
	EndGlobalSection
	GlobalSection(ProjectConfigurationPlatforms) = postSolution
		{6476FF0C-F382-4DA0-ACB9-11C6746F4223}.Debug|Any CPU.ActiveCfg = Debug|Any CPU
		{6476FF0C-F382-4DA0-ACB9-11C6746F4223}.Debug|Any CPU.Build.0 = Debug|Any CPU
		{6476FF0C-F382-4DA0-ACB9-11C6746F4223}.Release|Any CPU.ActiveCfg = Release|Any CPU
		{6476FF0C-F382-4DA0-ACB9-11C6746F4223}.Release|Any CPU.Build.0 = Release|Any CPU
	EndGlobalSection
	GlobalSection(SolutionProperties) = preSolution
		HideSolutionNode = FALSE
	EndGlobalSection
	GlobalSection(ExtensibilityGlobals) = postSolution
		SolutionGuid = {856CDCD4-391E-461D-9E4E-E755AA41D67F}
	EndGlobalSection
EndGlobal
